
Microsoft Visual Studio Solution File, Format Version 12.00
# Visual Studio Version 17
VisualStudioVersion = 17.3.32922.545
MinimumVisualStudioVersion = 10.0.40219.1
Project("{9A19103F-16F7-4668-BE54-9A1E7A4F7556}") = "bytebank_ADM", "bytebank_ADM.csproj", "{ADB8071E-8175-47B0-9C36-7FB78D2CA00E}"
EndProject
Global
	GlobalSection(SolutionConfigurationPlatforms) = preSolution
		Debug|Any CPU = Debug|Any CPU
		Release|Any CPU = Release|Any CPU
	EndGlobalSection
	GlobalSection(ProjectConfigurationPlatforms) = postSolution
		{ADB8071E-8175-47B0-9C36-7FB78D2CA00E}.Debug|Any CPU.ActiveCfg = Debug|Any CPU
		{ADB8071E-8175-47B0-9C36-7FB78D2CA00E}.Debug|Any CPU.Build.0 = Debug|Any CPU
		{ADB8071E-8175-47B0-9C36-7FB78D2CA00E}.Release|Any CPU.ActiveCfg = Release|Any CPU
		{ADB8071E-8175-47B0-9C36-7FB78D2CA00E}.Release|Any CPU.Build.0 = Release|Any CPU
	EndGlobalSection
	GlobalSection(SolutionProperties) = preSolution
		HideSolutionNode = FALSE
	EndGlobalSection
	GlobalSection(ExtensibilityGlobals) = postSolution
		SolutionGuid = {AE411F95-B5F8-4F0F-ABA2-96A737DD58D0}
	EndGlobalSection
EndGlobal
