
Microsoft Visual Studio Solution File, Format Version 12.00
# Visual Studio Version 17
VisualStudioVersion = 17.7.34031.279
MinimumVisualStudioVersion = 10.0.40219.1
Project("{FAE04EC0-301F-11D3-BF4B-00C04F79EFBC}") = "Calculadora", "Calculadora.csproj", "{4FAC558B-4443-40F6-B77A-3234FC4D26DC}"
EndProject
Global
	GlobalSection(SolutionConfigurationPlatforms) = preSolution
		Debug|Any CPU = Debug|Any CPU
		Release|Any CPU = Release|Any CPU
	EndGlobalSection
	GlobalSection(ProjectConfigurationPlatforms) = postSolution
		{4FAC558B-4443-40F6-B77A-3234FC4D26DC}.Debug|Any CPU.ActiveCfg = Debug|Any CPU
		{4FAC558B-4443-40F6-B77A-3234FC4D26DC}.Debug|Any CPU.Build.0 = Debug|Any CPU
		{4FAC558B-4443-40F6-B77A-3234FC4D26DC}.Release|Any CPU.ActiveCfg = Release|Any CPU
		{4FAC558B-4443-40F6-B77A-3234FC4D26DC}.Release|Any CPU.Build.0 = Release|Any CPU
	EndGlobalSection
	GlobalSection(SolutionProperties) = preSolution
		HideSolutionNode = FALSE
	EndGlobalSection
	GlobalSection(ExtensibilityGlobals) = postSolution
		SolutionGuid = {83037676-E1E7-4E2F-AEC8-829A8955CF41}
	EndGlobalSection
EndGlobal
